
Microsoft Visual Studio Solution File, Format Version 12.00
# Visual Studio Version 16
VisualStudioVersion = 16.0.30114.105
MinimumVisualStudioVersion = 10.0.40219.1
Project("{FAE04EC0-301F-11D3-BF4B-00C04F79EFBC}") = "EncryptionService.API", "EncryptionService.API\EncryptionService.API.csproj", "{2E6542A9-76D7-4EA4-B4DB-D250F0E50AB0}"
EndProject
Project("{FAE04EC0-301F-11D3-BF4B-00C04F79EFBC}") = "EncryptionService.API.Gateway", "EncryptionService.API.Gateway\EncryptionService.API.Gateway.csproj", "{8D0CBF29-F90E-47D9-89CA-17084F4E8660}"
EndProject
Global
	GlobalSection(SolutionConfigurationPlatforms) = preSolution
		Debug|Any CPU = Debug|Any CPU
		Release|Any CPU = Release|Any CPU
	EndGlobalSection
	GlobalSection(SolutionProperties) = preSolution
		HideSolutionNode = FALSE
	EndGlobalSection
	GlobalSection(ProjectConfigurationPlatforms) = postSolution
		{2E6542A9-76D7-4EA4-B4DB-D250F0E50AB0}.Debug|Any CPU.ActiveCfg = Debug|Any CPU
		{2E6542A9-76D7-4EA4-B4DB-D250F0E50AB0}.Debug|Any CPU.Build.0 = Debug|Any CPU
		{2E6542A9-76D7-4EA4-B4DB-D250F0E50AB0}.Release|Any CPU.ActiveCfg = Release|Any CPU
		{2E6542A9-76D7-4EA4-B4DB-D250F0E50AB0}.Release|Any CPU.Build.0 = Release|Any CPU
		{8D0CBF29-F90E-47D9-89CA-17084F4E8660}.Debug|Any CPU.ActiveCfg = Debug|Any CPU
		{8D0CBF29-F90E-47D9-89CA-17084F4E8660}.Debug|Any CPU.Build.0 = Debug|Any CPU
		{8D0CBF29-F90E-47D9-89CA-17084F4E8660}.Release|Any CPU.ActiveCfg = Release|Any CPU
		{8D0CBF29-F90E-47D9-89CA-17084F4E8660}.Release|Any CPU.Build.0 = Release|Any CPU
	EndGlobalSection
EndGlobal
